
Microsoft Visual Studio Solution File, Format Version 12.00
# Visual Studio Version 17
VisualStudioVersion = 17.1.32407.343
MinimumVisualStudioVersion = 10.0.40219.1
Project("{9A19103F-16F7-4668-BE54-9A1E7A4F7556}") = "ThreeWeeksRPGBlazor", "ThreeWeeksRPGBlazor\ThreeWeeksRPGBlazor.csproj", "{FAB26E72-2AC2-4F07-9E24-4281537970CC}"
EndProject
Project("{9A19103F-16F7-4668-BE54-9A1E7A4F7556}") = "ThreeWeeksRPGBlazorTests", "ThreeWeeksRPGBlazorTests\ThreeWeeksRPGBlazorTests.csproj", "{FCF2FE63-4AC7-48BF-814A-68AB41ED10CB}"
EndProject
Global
	GlobalSection(SolutionConfigurationPlatforms) = preSolution
		Debug|Any CPU = Debug|Any CPU
		Release|Any CPU = Release|Any CPU
	EndGlobalSection
	GlobalSection(ProjectConfigurationPlatforms) = postSolution
		{FAB26E72-2AC2-4F07-9E24-4281537970CC}.Debug|Any CPU.ActiveCfg = Debug|Any CPU
		{FAB26E72-2AC2-4F07-9E24-4281537970CC}.Debug|Any CPU.Build.0 = Debug|Any CPU
		{FAB26E72-2AC2-4F07-9E24-4281537970CC}.Release|Any CPU.ActiveCfg = Release|Any CPU
		{FAB26E72-2AC2-4F07-9E24-4281537970CC}.Release|Any CPU.Build.0 = Release|Any CPU
		{FCF2FE63-4AC7-48BF-814A-68AB41ED10CB}.Debug|Any CPU.ActiveCfg = Debug|Any CPU
		{FCF2FE63-4AC7-48BF-814A-68AB41ED10CB}.Debug|Any CPU.Build.0 = Debug|Any CPU
		{FCF2FE63-4AC7-48BF-814A-68AB41ED10CB}.Release|Any CPU.ActiveCfg = Release|Any CPU
		{FCF2FE63-4AC7-48BF-814A-68AB41ED10CB}.Release|Any CPU.Build.0 = Release|Any CPU
	EndGlobalSection
	GlobalSection(SolutionProperties) = preSolution
		HideSolutionNode = FALSE
	EndGlobalSection
	GlobalSection(ExtensibilityGlobals) = postSolution
		SolutionGuid = {6FF368FB-1A98-4BF7-B180-BEAA6C2EC983}
	EndGlobalSection
EndGlobal
